
Microsoft Visual Studio Solution File, Format Version 12.00
# Visual Studio 14
VisualStudioVersion = 14.0.25420.1
MinimumVisualStudioVersion = 10.0.40219.1
Project("{FAE04EC0-301F-11D3-BF4B-00C04F79EFBC}") = "Match3", "Match3\Match3\Match3.csproj", "{4E377FD9-EA4F-4B0D-949A-D74AB50BB68E}"
EndProject
Project("{FAE04EC0-301F-11D3-BF4B-00C04F79EFBC}") = "Match3.WinPhone", "Match3\Match3.WinPhone\Match3.WinPhone.csproj", "{C17F028D-D724-481D-A20C-E73D07ACD1F3}"
EndProject
Project("{FAE04EC0-301F-11D3-BF4B-00C04F79EFBC}") = "Match3.Droid", "Match3\Match3.Droid\Match3.Droid.csproj", "{E177EAA5-BA58-4973-B8F8-7DF80FB6038F}"
EndProject
Project("{FAE04EC0-301F-11D3-BF4B-00C04F79EFBC}") = "Match3.iOS", "Match3\Match3.iOS\Match3.iOS.csproj", "{BC0D0AD5-3973-4586-ABFA-9036B281F967}"
EndProject
Project("{2150E333-8FDC-42A3-9474-1A3956D46DE8}") = "Solution Items", "Solution Items", "{FAF2B4AD-29BE-4AE3-A4DB-67D1BCD74EBA}"
	ProjectSection(SolutionItems) = preProject
		Readme.md = Readme.md
	EndProjectSection
EndProject
Global
	GlobalSection(SolutionConfigurationPlatforms) = preSolution
		Debug|Any CPU = Debug|Any CPU
		Debug|ARM = Debug|ARM
		Debug|iPhone = Debug|iPhone
		Debug|iPhoneSimulator = Debug|iPhoneSimulator
		Debug|x86 = Debug|x86
		Release|Any CPU = Release|Any CPU
		Release|ARM = Release|ARM
		Release|iPhone = Release|iPhone
		Release|iPhoneSimulator = Release|iPhoneSimulator
		Release|x86 = Release|x86
	EndGlobalSection
	GlobalSection(ProjectConfigurationPlatforms) = postSolution
		{4E377FD9-EA4F-4B0D-949A-D74AB50BB68E}.Debug|Any CPU.ActiveCfg = Debug|Any CPU
		{4E377FD9-EA4F-4B0D-949A-D74AB50BB68E}.Debug|Any CPU.Build.0 = Debug|Any CPU
		{4E377FD9-EA4F-4B0D-949A-D74AB50BB68E}.Debug|ARM.ActiveCfg = Debug|Any CPU
		{4E377FD9-EA4F-4B0D-949A-D74AB50BB68E}.Debug|ARM.Build.0 = Debug|Any CPU
		{4E377FD9-EA4F-4B0D-949A-D74AB50BB68E}.Debug|iPhone.ActiveCfg = Debug|Any CPU
		{4E377FD9-EA4F-4B0D-949A-D74AB50BB68E}.Debug|iPhone.Build.0 = Debug|Any CPU
		{4E377FD9-EA4F-4B0D-949A-D74AB50BB68E}.Debug|iPhoneSimulator.ActiveCfg = Debug|Any CPU
		{4E377FD9-EA4F-4B0D-949A-D74AB50BB68E}.Debug|iPhoneSimulator.Build.0 = Debug|Any CPU
		{4E377FD9-EA4F-4B0D-949A-D74AB50BB68E}.Debug|x86.ActiveCfg = Debug|Any CPU
		{4E377FD9-EA4F-4B0D-949A-D74AB50BB68E}.Debug|x86.Build.0 = Debug|Any CPU
		{4E377FD9-EA4F-4B0D-949A-D74AB50BB68E}.Release|Any CPU.ActiveCfg = Release|Any CPU
		{4E377FD9-EA4F-4B0D-949A-D74AB50BB68E}.Release|Any CPU.Build.0 = Release|Any CPU
		{4E377FD9-EA4F-4B0D-949A-D74AB50BB68E}.Release|ARM.ActiveCfg = Release|Any CPU
		{4E377FD9-EA4F-4B0D-949A-D74AB50BB68E}.Release|ARM.Build.0 = Release|Any CPU
		{4E377FD9-EA4F-4B0D-949A-D74AB50BB68E}.Release|iPhone.ActiveCfg = Release|Any CPU
		{4E377FD9-EA4F-4B0D-949A-D74AB50BB68E}.Release|iPhone.Build.0 = Release|Any CPU
		{4E377FD9-EA4F-4B0D-949A-D74AB50BB68E}.Release|iPhoneSimulator.ActiveCfg = Release|Any CPU
		{4E377FD9-EA4F-4B0D-949A-D74AB50BB68E}.Release|iPhoneSimulator.Build.0 = Release|Any CPU
		{4E377FD9-EA4F-4B0D-949A-D74AB50BB68E}.Release|x86.ActiveCfg = Release|Any CPU
		{4E377FD9-EA4F-4B0D-949A-D74AB50BB68E}.Release|x86.Build.0 = Release|Any CPU
		{C17F028D-D724-481D-A20C-E73D07ACD1F3}.Debug|Any CPU.ActiveCfg = Debug|x86
		{C17F028D-D724-481D-A20C-E73D07ACD1F3}.Debug|ARM.ActiveCfg = Debug|x86
		{C17F028D-D724-481D-A20C-E73D07ACD1F3}.Debug|iPhone.ActiveCfg = Debug|x86
		{C17F028D-D724-481D-A20C-E73D07ACD1F3}.Debug|iPhoneSimulator.ActiveCfg = Debug|x86
		{C17F028D-D724-481D-A20C-E73D07ACD1F3}.Debug|x86.ActiveCfg = Debug|x86
		{C17F028D-D724-481D-A20C-E73D07ACD1F3}.Release|Any CPU.ActiveCfg = Release|x86
		{C17F028D-D724-481D-A20C-E73D07ACD1F3}.Release|ARM.ActiveCfg = Release|x86
		{C17F028D-D724-481D-A20C-E73D07ACD1F3}.Release|iPhone.ActiveCfg = Release|x86
		{C17F028D-D724-481D-A20C-E73D07ACD1F3}.Release|iPhoneSimulator.ActiveCfg = Release|x86
		{C17F028D-D724-481D-A20C-E73D07ACD1F3}.Release|x86.ActiveCfg = Release|x86
		{E177EAA5-BA58-4973-B8F8-7DF80FB6038F}.Debug|Any CPU.ActiveCfg = Debug|Any CPU
		{E177EAA5-BA58-4973-B8F8-7DF80FB6038F}.Debug|Any CPU.Build.0 = Debug|Any CPU
		{E177EAA5-BA58-4973-B8F8-7DF80FB6038F}.Debug|Any CPU.Deploy.0 = Debug|Any CPU
		{E177EAA5-BA58-4973-B8F8-7DF80FB6038F}.Debug|ARM.ActiveCfg = Debug|Any CPU
		{E177EAA5-BA58-4973-B8F8-7DF80FB6038F}.Debug|ARM.Build.0 = Debug|Any CPU
		{E177EAA5-BA58-4973-B8F8-7DF80FB6038F}.Debug|ARM.Deploy.0 = Debug|Any CPU
		{E177EAA5-BA58-4973-B8F8-7DF80FB6038F}.Debug|iPhone.ActiveCfg = Debug|Any CPU
		{E177EAA5-BA58-4973-B8F8-7DF80FB6038F}.Debug|iPhone.Build.0 = Debug|Any CPU
		{E177EAA5-BA58-4973-B8F8-7DF80FB6038F}.Debug|iPhone.Deploy.0 = Debug|Any CPU
		{E177EAA5-BA58-4973-B8F8-7DF80FB6038F}.Debug|iPhoneSimulator.ActiveCfg = Debug|Any CPU
		{E177EAA5-BA58-4973-B8F8-7DF80FB6038F}.Debug|iPhoneSimulator.Build.0 = Debug|Any CPU
		{E177EAA5-BA58-4973-B8F8-7DF80FB6038F}.Debug|iPhoneSimulator.Deploy.0 = Debug|Any CPU
		{E177EAA5-BA58-4973-B8F8-7DF80FB6038F}.Debug|x86.ActiveCfg = Debug|Any CPU
		{E177EAA5-BA58-4973-B8F8-7DF80FB6038F}.Debug|x86.Build.0 = Debug|Any CPU
		{E177EAA5-BA58-4973-B8F8-7DF80FB6038F}.Debug|x86.Deploy.0 = Debug|Any CPU
		{E177EAA5-BA58-4973-B8F8-7DF80FB6038F}.Release|Any CPU.ActiveCfg = Release|Any CPU
		{E177EAA5-BA58-4973-B8F8-7DF80FB6038F}.Release|Any CPU.Build.0 = Release|Any CPU
		{E177EAA5-BA58-4973-B8F8-7DF80FB6038F}.Release|Any CPU.Deploy.0 = Release|Any CPU
		{E177EAA5-BA58-4973-B8F8-7DF80FB6038F}.Release|ARM.ActiveCfg = Release|Any CPU
		{E177EAA5-BA58-4973-B8F8-7DF80FB6038F}.Release|ARM.Build.0 = Release|Any CPU
		{E177EAA5-BA58-4973-B8F8-7DF80FB6038F}.Release|ARM.Deploy.0 = Release|Any CPU
		{E177EAA5-BA58-4973-B8F8-7DF80FB6038F}.Release|iPhone.ActiveCfg = Release|Any CPU
		{E177EAA5-BA58-4973-B8F8-7DF80FB6038F}.Release|iPhone.Build.0 = Release|Any CPU
		{E177EAA5-BA58-4973-B8F8-7DF80FB6038F}.Release|iPhone.Deploy.0 = Release|Any CPU
		{E177EAA5-BA58-4973-B8F8-7DF80FB6038F}.Release|iPhoneSimulator.ActiveCfg = Release|Any CPU
		{E177EAA5-BA58-4973-B8F8-7DF80FB6038F}.Release|iPhoneSimulator.Build.0 = Release|Any CPU
		{E177EAA5-BA58-4973-B8F8-7DF80FB6038F}.Release|iPhoneSimulator.Deploy.0 = Release|Any CPU
		{E177EAA5-BA58-4973-B8F8-7DF80FB6038F}.Release|x86.ActiveCfg = Release|Any CPU
		{E177EAA5-BA58-4973-B8F8-7DF80FB6038F}.Release|x86.Build.0 = Release|Any CPU
		{E177EAA5-BA58-4973-B8F8-7DF80FB6038F}.Release|x86.Deploy.0 = Release|Any CPU
		{BC0D0AD5-3973-4586-ABFA-9036B281F967}.Debug|Any CPU.ActiveCfg = Debug|iPhone
		{BC0D0AD5-3973-4586-ABFA-9036B281F967}.Debug|ARM.ActiveCfg = Debug|iPhone
		{BC0D0AD5-3973-4586-ABFA-9036B281F967}.Debug|iPhone.ActiveCfg = Debug|iPhone
		{BC0D0AD5-3973-4586-ABFA-9036B281F967}.Debug|iPhoneSimulator.ActiveCfg = Debug|iPhone
		{BC0D0AD5-3973-4586-ABFA-9036B281F967}.Debug|x86.ActiveCfg = Debug|iPhone
		{BC0D0AD5-3973-4586-ABFA-9036B281F967}.Release|Any CPU.ActiveCfg = Release|iPhone
		{BC0D0AD5-3973-4586-ABFA-9036B281F967}.Release|ARM.ActiveCfg = Release|iPhone
		{BC0D0AD5-3973-4586-ABFA-9036B281F967}.Release|iPhone.ActiveCfg = Release|iPhone
		{BC0D0AD5-3973-4586-ABFA-9036B281F967}.Release|iPhoneSimulator.ActiveCfg = Release|iPhone
		{BC0D0AD5-3973-4586-ABFA-9036B281F967}.Release|x86.ActiveCfg = Release|iPhone
	EndGlobalSection
	GlobalSection(SolutionProperties) = preSolution
		HideSolutionNode = FALSE
	EndGlobalSection
EndGlobal
